
Microsoft Visual Studio Solution File, Format Version 12.00
# Visual Studio Version 17
VisualStudioVersion = 17.5.002.0
MinimumVisualStudioVersion = 10.0.40219.1
Project("{9A19103F-16F7-4668-BE54-9A1E7A4F7556}") = "hello-asp", "hello-asp\hello-asp.csproj", "{7D8B3020-0AD6-4471-8CDC-374E9C83FB61}"
EndProject
Global
	GlobalSection(SolutionConfigurationPlatforms) = preSolution
		Debug|Any CPU = Debug|Any CPU
		Release|Any CPU = Release|Any CPU
	EndGlobalSection
	GlobalSection(ProjectConfigurationPlatforms) = postSolution
		{7D8B3020-0AD6-4471-8CDC-374E9C83FB61}.Debug|Any CPU.ActiveCfg = Debug|Any CPU
		{7D8B3020-0AD6-4471-8CDC-374E9C83FB61}.Debug|Any CPU.Build.0 = Debug|Any CPU
		{7D8B3020-0AD6-4471-8CDC-374E9C83FB61}.Release|Any CPU.ActiveCfg = Release|Any CPU
		{7D8B3020-0AD6-4471-8CDC-374E9C83FB61}.Release|Any CPU.Build.0 = Release|Any CPU
	EndGlobalSection
	GlobalSection(SolutionProperties) = preSolution
		HideSolutionNode = FALSE
	EndGlobalSection
	GlobalSection(ExtensibilityGlobals) = postSolution
		SolutionGuid = {DC4D7E92-A6BD-4BA9-AA97-D81B9B0C3F4A}
	EndGlobalSection
EndGlobal
